// !$*UTF8*$!
{
	archiveVersion = 1;
	classes = {
	};
	objectVersion = 56;
	objects = {

/* Begin PBXBuildFile section */
		FC10113B2C541BB400748752 /* CalendarView.swift in Sources */ = {isa = PBXBuildFile; fileRef = FC10113A2C541BB400748752 /* CalendarView.swift */; };
		FC26DBC42C4A834300BF4F1F /* ProScoreApp.swift in Sources */ = {isa = PBXBuildFile; fileRef = FC26DBC32C4A834300BF4F1F /* ProScoreApp.swift */; };
		FC26DBC82C4A834400BF4F1F /* Assets.xcassets in Resources */ = {isa = PBXBuildFile; fileRef = FC26DBC72C4A834400BF4F1F /* Assets.xcassets */; };
		FC26DBCB2C4A834400BF4F1F /* Preview Assets.xcassets in Resources */ = {isa = PBXBuildFile; fileRef = FC26DBCA2C4A834400BF4F1F /* Preview Assets.xcassets */; };
		FC26DBDF2C4D605C00BF4F1F /* Color+ext.swift in Sources */ = {isa = PBXBuildFile; fileRef = FC26DBDE2C4D605C00BF4F1F /* Color+ext.swift */; };
		FC26DBE42C4D63BE00BF4F1F /* Router.swift in Sources */ = {isa = PBXBuildFile; fileRef = FC26DBE32C4D63BE00BF4F1F /* Router.swift */; };
		FC26DBE62C4D651800BF4F1F /* ContentView.swift in Sources */ = {isa = PBXBuildFile; fileRef = FC26DBE52C4D651800BF4F1F /* ContentView.swift */; };
		FC26DBE82C4D6D9A00BF4F1F /* TeamScreen.swift in Sources */ = {isa = PBXBuildFile; fileRef = FC26DBE72C4D6D9A00BF4F1F /* TeamScreen.swift */; };
		FC32DC4F2C59295D008E289B /* AppMetricaAdSupport in Frameworks */ = {isa = PBXBuildFile; productRef = FC32DC4E2C59295D008E289B /* AppMetricaAdSupport */; };
		FC32DC512C59295D008E289B /* AppMetricaCore in Frameworks */ = {isa = PBXBuildFile; productRef = FC32DC502C59295D008E289B /* AppMetricaCore */; };
		FC32DC532C59295D008E289B /* AppMetricaCrashes in Frameworks */ = {isa = PBXBuildFile; productRef = FC32DC522C59295D008E289B /* AppMetricaCrashes */; };
		FC32DC552C59295D008E289B /* AppMetricaWebKit in Frameworks */ = {isa = PBXBuildFile; productRef = FC32DC542C59295D008E289B /* AppMetricaWebKit */; };
		FC32DC582C592995008E289B /* ApphudSDK in Frameworks */ = {isa = PBXBuildFile; productRef = FC32DC572C592995008E289B /* ApphudSDK */; };
		FC32DC5B2C592A72008E289B /* OneSignalExtension in Frameworks */ = {isa = PBXBuildFile; productRef = FC32DC5A2C592A72008E289B /* OneSignalExtension */; };
		FC32DC5D2C592A72008E289B /* OneSignalFramework in Frameworks */ = {isa = PBXBuildFile; productRef = FC32DC5C2C592A72008E289B /* OneSignalFramework */; };
		FC32DC5F2C592A72008E289B /* OneSignalInAppMessages in Frameworks */ = {isa = PBXBuildFile; productRef = FC32DC5E2C592A72008E289B /* OneSignalInAppMessages */; };
		FC32DC612C592A72008E289B /* OneSignalLocation in Frameworks */ = {isa = PBXBuildFile; productRef = FC32DC602C592A72008E289B /* OneSignalLocation */; };
		FC3AC1A12C4D6F5A006050EC /* ButtonView.swift in Sources */ = {isa = PBXBuildFile; fileRef = FC3AC1A02C4D6F5A006050EC /* ButtonView.swift */; };
		FC3AC1A52C4E3AE8006050EC /* PersistenceController.swift in Sources */ = {isa = PBXBuildFile; fileRef = FC3AC1A42C4E3AE8006050EC /* PersistenceController.swift */; };
		FC3AC1AA2C4E3BCC006050EC /* TeamModel.xcdatamodeld in Sources */ = {isa = PBXBuildFile; fileRef = FC3AC1A82C4E3BCC006050EC /* TeamModel.xcdatamodeld */; };
		FC3AC1AE2C4E3C89006050EC /* TeamViewModel.swift in Sources */ = {isa = PBXBuildFile; fileRef = FC3AC1AD2C4E3C89006050EC /* TeamViewModel.swift */; };
		FC3AC1B02C4E3D12006050EC /* TeamHeaderSheetView.swift in Sources */ = {isa = PBXBuildFile; fileRef = FC3AC1AF2C4E3D12006050EC /* TeamHeaderSheetView.swift */; };
		FC3AC1B22C4E4C5A006050EC /* TextFieldView.swift in Sources */ = {isa = PBXBuildFile; fileRef = FC3AC1B12C4E4C5A006050EC /* TextFieldView.swift */; };
		FC3AC1B42C4E8926006050EC /* ImagePicker.swift in Sources */ = {isa = PBXBuildFile; fileRef = FC3AC1B32C4E8926006050EC /* ImagePicker.swift */; };
		FC3AC1B62C4ED033006050EC /* TeamListSheetView.swift in Sources */ = {isa = PBXBuildFile; fileRef = FC3AC1B52C4ED033006050EC /* TeamListSheetView.swift */; };
		FC3AC1C42C4F8676006050EC /* TitleView.swift in Sources */ = {isa = PBXBuildFile; fileRef = FC3AC1C32C4F8676006050EC /* TitleView.swift */; };
		FC3AC1C62C4F86CE006050EC /* CalendarScreen.swift in Sources */ = {isa = PBXBuildFile; fileRef = FC3AC1C52C4F86CE006050EC /* CalendarScreen.swift */; };
		FC3AC1D72C4F8F12006050EC /* Event+CoreDataClass.swift in Sources */ = {isa = PBXBuildFile; fileRef = FC3AC1D52C4F8F12006050EC /* Event+CoreDataClass.swift */; };
		FC3AC1D82C4F8F12006050EC /* Event+CoreDataProperties.swift in Sources */ = {isa = PBXBuildFile; fileRef = FC3AC1D62C4F8F12006050EC /* Event+CoreDataProperties.swift */; };
		FC3AC1DA2C4F8F54006050EC /* CalendarViewModel.swift in Sources */ = {isa = PBXBuildFile; fileRef = FC3AC1D92C4F8F54006050EC /* CalendarViewModel.swift */; };
		FC3AC1DE2C4F9C12006050EC /* CalendarSheetView.swift in Sources */ = {isa = PBXBuildFile; fileRef = FC3AC1DD2C4F9C12006050EC /* CalendarSheetView.swift */; };
		FC3AC1E02C4FAD5A006050EC /* SheetTitleView.swift in Sources */ = {isa = PBXBuildFile; fileRef = FC3AC1DF2C4FAD5A006050EC /* SheetTitleView.swift */; };
		FC3AC1E22C4FB203006050EC /* CalendarCellView.swift in Sources */ = {isa = PBXBuildFile; fileRef = FC3AC1E12C4FB203006050EC /* CalendarCellView.swift */; };
		FC3AC1ED2C50123E006050EC /* Participant+CoreDataClass.swift in Sources */ = {isa = PBXBuildFile; fileRef = FC3AC1EB2C50123E006050EC /* Participant+CoreDataClass.swift */; };
		FC3AC1EE2C50123E006050EC /* Participant+CoreDataProperties.swift in Sources */ = {isa = PBXBuildFile; fileRef = FC3AC1EC2C50123E006050EC /* Participant+CoreDataProperties.swift */; };
		FC3AC1F02C50166D006050EC /* ParticipantCellView.swift in Sources */ = {isa = PBXBuildFile; fileRef = FC3AC1EF2C50166D006050EC /* ParticipantCellView.swift */; };
		FC3AC1F22C5034ED006050EC /* StatisticsCellView.swift in Sources */ = {isa = PBXBuildFile; fileRef = FC3AC1F12C5034ED006050EC /* StatisticsCellView.swift */; };
		FC3AC1F42C503648006050EC /* StatisticsScreen.swift in Sources */ = {isa = PBXBuildFile; fileRef = FC3AC1F32C503648006050EC /* StatisticsScreen.swift */; };
		FC3AC1F62C503860006050EC /* StatisticsSheetView.swift in Sources */ = {isa = PBXBuildFile; fileRef = FC3AC1F52C503860006050EC /* StatisticsSheetView.swift */; };
		FC3AC1FA2C50DC8A006050EC /* TeamStats+CoreDataClass.swift in Sources */ = {isa = PBXBuildFile; fileRef = FC3AC1F82C50DC8A006050EC /* TeamStats+CoreDataClass.swift */; };
		FC3AC1FB2C50DC8A006050EC /* TeamStats+CoreDataProperties.swift in Sources */ = {isa = PBXBuildFile; fileRef = FC3AC1F92C50DC8A006050EC /* TeamStats+CoreDataProperties.swift */; };
		FC3AC1FF2C50DCC1006050EC /* StatisticsViewModel.swift in Sources */ = {isa = PBXBuildFile; fileRef = FC3AC1FE2C50DCC1006050EC /* StatisticsViewModel.swift */; };
		FC3AC2012C50E322006050EC /* SettingsScreen.swift in Sources */ = {isa = PBXBuildFile; fileRef = FC3AC2002C50E322006050EC /* SettingsScreen.swift */; };
		FC3AC2042C50E374006050EC /* SettingsCellView.swift in Sources */ = {isa = PBXBuildFile; fileRef = FC3AC2032C50E374006050EC /* SettingsCellView.swift */; };
		FC3AC2062C50FE4D006050EC /* AlertView.swift in Sources */ = {isa = PBXBuildFile; fileRef = FC3AC2052C50FE4D006050EC /* AlertView.swift */; };
		FC3AC20C2C517A0D006050EC /* OnboardingStepView.swift in Sources */ = {isa = PBXBuildFile; fileRef = FC3AC20B2C517A0D006050EC /* OnboardingStepView.swift */; };
		FC3AC20E2C517CEF006050EC /* OnboardingScreen.swift in Sources */ = {isa = PBXBuildFile; fileRef = FC3AC20D2C517CEF006050EC /* OnboardingScreen.swift */; };
		FC3AC2102C5184F8006050EC /* CustomTabIndicator.swift in Sources */ = {isa = PBXBuildFile; fileRef = FC3AC20F2C5184F8006050EC /* CustomTabIndicator.swift */; };
		FC3AC2122C522B3F006050EC /* SplashScreen.swift in Sources */ = {isa = PBXBuildFile; fileRef = FC3AC2112C522B3F006050EC /* SplashScreen.swift */; };
		FCCF31892C5AA067001AB18C /* WebViewModel.swift in Sources */ = {isa = PBXBuildFile; fileRef = FCCF31882C5AA067001AB18C /* WebViewModel.swift */; };
/* End PBXBuildFile section */

/* Begin PBXFileReference section */
		FC10113A2C541BB400748752 /* CalendarView.swift */ = {isa = PBXFileReference; lastKnownFileType = sourcecode.swift; path = CalendarView.swift; sourceTree = "<group>"; };
		FC26DBC02C4A834300BF4F1F /* ProScore.app */ = {isa = PBXFileReference; explicitFileType = wrapper.application; includeInIndex = 0; path = ProScore.app; sourceTree = BUILT_PRODUCTS_DIR; };
		FC26DBC32C4A834300BF4F1F /* ProScoreApp.swift */ = {isa = PBXFileReference; lastKnownFileType = sourcecode.swift; path = ProScoreApp.swift; sourceTree = "<group>"; };
		FC26DBC72C4A834400BF4F1F /* Assets.xcassets */ = {isa = PBXFileReference; lastKnownFileType = folder.assetcatalog; path = Assets.xcassets; sourceTree = "<group>"; };
		FC26DBCA2C4A834400BF4F1F /* Preview Assets.xcassets */ = {isa = PBXFileReference; lastKnownFileType = folder.assetcatalog; path = "Preview Assets.xcassets"; sourceTree = "<group>"; };
		FC26DBDE2C4D605C00BF4F1F /* Color+ext.swift */ = {isa = PBXFileReference; lastKnownFileType = sourcecode.swift; path = "Color+ext.swift"; sourceTree = "<group>"; };
		FC26DBE32C4D63BE00BF4F1F /* Router.swift */ = {isa = PBXFileReference; lastKnownFileType = sourcecode.swift; path = Router.swift; sourceTree = "<group>"; };
		FC26DBE52C4D651800BF4F1F /* ContentView.swift */ = {isa = PBXFileReference; lastKnownFileType = sourcecode.swift; path = ContentView.swift; sourceTree = "<group>"; };
		FC26DBE72C4D6D9A00BF4F1F /* TeamScreen.swift */ = {isa = PBXFileReference; lastKnownFileType = sourcecode.swift; path = TeamScreen.swift; sourceTree = "<group>"; };
		FC32DC622C592AFB008E289B /* ProScore.entitlements */ = {isa = PBXFileReference; lastKnownFileType = text.plist.entitlements; path = ProScore.entitlements; sourceTree = "<group>"; };
		FC3AC1A02C4D6F5A006050EC /* ButtonView.swift */ = {isa = PBXFileReference; lastKnownFileType = sourcecode.swift; path = ButtonView.swift; sourceTree = "<group>"; };
		FC3AC1A42C4E3AE8006050EC /* PersistenceController.swift */ = {isa = PBXFileReference; lastKnownFileType = sourcecode.swift; name = PersistenceController.swift; path = ProScore/Utilities/PersistenceController.swift; sourceTree = SOURCE_ROOT; };
		FC3AC1A92C4E3BCC006050EC /* TeamModel.xcdatamodel */ = {isa = PBXFileReference; lastKnownFileType = wrapper.xcdatamodel; path = TeamModel.xcdatamodel; sourceTree = "<group>"; };
		FC3AC1AD2C4E3C89006050EC /* TeamViewModel.swift */ = {isa = PBXFileReference; lastKnownFileType = sourcecode.swift; path = TeamViewModel.swift; sourceTree = "<group>"; };
		FC3AC1AF2C4E3D12006050EC /* TeamHeaderSheetView.swift */ = {isa = PBXFileReference; lastKnownFileType = sourcecode.swift; path = TeamHeaderSheetView.swift; sourceTree = "<group>"; };
		FC3AC1B12C4E4C5A006050EC /* TextFieldView.swift */ = {isa = PBXFileReference; lastKnownFileType = sourcecode.swift; path = TextFieldView.swift; sourceTree = "<group>"; };
		FC3AC1B32C4E8926006050EC /* ImagePicker.swift */ = {isa = PBXFileReference; lastKnownFileType = sourcecode.swift; path = ImagePicker.swift; sourceTree = "<group>"; };
		FC3AC1B52C4ED033006050EC /* TeamListSheetView.swift */ = {isa = PBXFileReference; lastKnownFileType = sourcecode.swift; path = TeamListSheetView.swift; sourceTree = "<group>"; };
		FC3AC1C32C4F8676006050EC /* TitleView.swift */ = {isa = PBXFileReference; lastKnownFileType = sourcecode.swift; path = TitleView.swift; sourceTree = "<group>"; };
		FC3AC1C52C4F86CE006050EC /* CalendarScreen.swift */ = {isa = PBXFileReference; lastKnownFileType = sourcecode.swift; path = CalendarScreen.swift; sourceTree = "<group>"; };
		FC3AC1D52C4F8F12006050EC /* Event+CoreDataClass.swift */ = {isa = PBXFileReference; lastKnownFileType = sourcecode.swift; path = "Event+CoreDataClass.swift"; sourceTree = "<group>"; };
		FC3AC1D62C4F8F12006050EC /* Event+CoreDataProperties.swift */ = {isa = PBXFileReference; lastKnownFileType = sourcecode.swift; path = "Event+CoreDataProperties.swift"; sourceTree = "<group>"; };
		FC3AC1D92C4F8F54006050EC /* CalendarViewModel.swift */ = {isa = PBXFileReference; lastKnownFileType = sourcecode.swift; path = CalendarViewModel.swift; sourceTree = "<group>"; };
		FC3AC1DD2C4F9C12006050EC /* CalendarSheetView.swift */ = {isa = PBXFileReference; lastKnownFileType = sourcecode.swift; path = CalendarSheetView.swift; sourceTree = "<group>"; };
		FC3AC1DF2C4FAD5A006050EC /* SheetTitleView.swift */ = {isa = PBXFileReference; lastKnownFileType = sourcecode.swift; path = SheetTitleView.swift; sourceTree = "<group>"; };
		FC3AC1E12C4FB203006050EC /* CalendarCellView.swift */ = {isa = PBXFileReference; lastKnownFileType = sourcecode.swift; path = CalendarCellView.swift; sourceTree = "<group>"; };
		FC3AC1EB2C50123E006050EC /* Participant+CoreDataClass.swift */ = {isa = PBXFileReference; lastKnownFileType = sourcecode.swift; path = "Participant+CoreDataClass.swift"; sourceTree = "<group>"; };
		FC3AC1EC2C50123E006050EC /* Participant+CoreDataProperties.swift */ = {isa = PBXFileReference; lastKnownFileType = sourcecode.swift; path = "Participant+CoreDataProperties.swift"; sourceTree = "<group>"; };
		FC3AC1EF2C50166D006050EC /* ParticipantCellView.swift */ = {isa = PBXFileReference; lastKnownFileType = sourcecode.swift; path = ParticipantCellView.swift; sourceTree = "<group>"; };
		FC3AC1F12C5034ED006050EC /* StatisticsCellView.swift */ = {isa = PBXFileReference; lastKnownFileType = sourcecode.swift; path = StatisticsCellView.swift; sourceTree = "<group>"; };
		FC3AC1F32C503648006050EC /* StatisticsScreen.swift */ = {isa = PBXFileReference; lastKnownFileType = sourcecode.swift; path = StatisticsScreen.swift; sourceTree = "<group>"; };
		FC3AC1F52C503860006050EC /* StatisticsSheetView.swift */ = {isa = PBXFileReference; lastKnownFileType = sourcecode.swift; path = StatisticsSheetView.swift; sourceTree = "<group>"; };
		FC3AC1F82C50DC8A006050EC /* TeamStats+CoreDataClass.swift */ = {isa = PBXFileReference; lastKnownFileType = sourcecode.swift; path = "TeamStats+CoreDataClass.swift"; sourceTree = "<group>"; };
		FC3AC1F92C50DC8A006050EC /* TeamStats+CoreDataProperties.swift */ = {isa = PBXFileReference; lastKnownFileType = sourcecode.swift; path = "TeamStats+CoreDataProperties.swift"; sourceTree = "<group>"; };
		FC3AC1FE2C50DCC1006050EC /* StatisticsViewModel.swift */ = {isa = PBXFileReference; lastKnownFileType = sourcecode.swift; path = StatisticsViewModel.swift; sourceTree = "<group>"; };
		FC3AC2002C50E322006050EC /* SettingsScreen.swift */ = {isa = PBXFileReference; lastKnownFileType = sourcecode.swift; path = SettingsScreen.swift; sourceTree = "<group>"; };
		FC3AC2032C50E374006050EC /* SettingsCellView.swift */ = {isa = PBXFileReference; lastKnownFileType = sourcecode.swift; path = SettingsCellView.swift; sourceTree = "<group>"; };
		FC3AC2052C50FE4D006050EC /* AlertView.swift */ = {isa = PBXFileReference; lastKnownFileType = sourcecode.swift; path = AlertView.swift; sourceTree = "<group>"; };
		FC3AC20B2C517A0D006050EC /* OnboardingStepView.swift */ = {isa = PBXFileReference; lastKnownFileType = sourcecode.swift; path = OnboardingStepView.swift; sourceTree = "<group>"; };
		FC3AC20D2C517CEF006050EC /* OnboardingScreen.swift */ = {isa = PBXFileReference; lastKnownFileType = sourcecode.swift; path = OnboardingScreen.swift; sourceTree = "<group>"; };
		FC3AC20F2C5184F8006050EC /* CustomTabIndicator.swift */ = {isa = PBXFileReference; lastKnownFileType = sourcecode.swift; path = CustomTabIndicator.swift; sourceTree = "<group>"; };
		FC3AC2112C522B3F006050EC /* SplashScreen.swift */ = {isa = PBXFileReference; lastKnownFileType = sourcecode.swift; path = SplashScreen.swift; sourceTree = "<group>"; };
		FCCF31882C5AA067001AB18C /* WebViewModel.swift */ = {isa = PBXFileReference; lastKnownFileType = sourcecode.swift; path = WebViewModel.swift; sourceTree = "<group>"; };
/* End PBXFileReference section */

/* Begin PBXFrameworksBuildPhase section */
		FC26DBBD2C4A834300BF4F1F /* Frameworks */ = {
			isa = PBXFrameworksBuildPhase;
			buildActionMask = 2147483647;
			files = (
				FC32DC552C59295D008E289B /* AppMetricaWebKit in Frameworks */,
				FC32DC5B2C592A72008E289B /* OneSignalExtension in Frameworks */,
				FC32DC5D2C592A72008E289B /* OneSignalFramework in Frameworks */,
				FC32DC532C59295D008E289B /* AppMetricaCrashes in Frameworks */,
				FC32DC612C592A72008E289B /* OneSignalLocation in Frameworks */,
				FC32DC582C592995008E289B /* ApphudSDK in Frameworks */,
				FC32DC4F2C59295D008E289B /* AppMetricaAdSupport in Frameworks */,
				FC32DC5F2C592A72008E289B /* OneSignalInAppMessages in Frameworks */,
				FC32DC512C59295D008E289B /* AppMetricaCore in Frameworks */,
			);
			runOnlyForDeploymentPostprocessing = 0;
		};
/* End PBXFrameworksBuildPhase section */

/* Begin PBXGroup section */
		FC26DBB72C4A834300BF4F1F = {
			isa = PBXGroup;
			children = (
				FC26DBC22C4A834300BF4F1F /* ProScore */,
				FC26DBC12C4A834300BF4F1F /* Products */,
			);
			sourceTree = "<group>";
		};
		FC26DBC12C4A834300BF4F1F /* Products */ = {
			isa = PBXGroup;
			children = (
				FC26DBC02C4A834300BF4F1F /* ProScore.app */,
			);
			name = Products;
			sourceTree = "<group>";
		};
		FC26DBC22C4A834300BF4F1F /* ProScore */ = {
			isa = PBXGroup;
			children = (
				FC32DC622C592AFB008E289B /* ProScore.entitlements */,
				FCCF31872C5AA045001AB18C /* WebViewSystem */,
				FC26DBD12C4A837800BF4F1F /* Core */,
				FC26DBD22C4A839400BF4F1F /* Modules */,
				FC26DBD52C4A844200BF4F1F /* Models */,
				FC26DBDD2C4D604400BF4F1F /* Extensions */,
				FC26DBD62C4A845600BF4F1F /* Utilities */,
				FC26DBC92C4A834400BF4F1F /* Preview Content */,
			);
			path = ProScore;
			sourceTree = "<group>";
		};
		FC26DBC92C4A834400BF4F1F /* Preview Content */ = {
			isa = PBXGroup;
			children = (
				FC26DBCA2C4A834400BF4F1F /* Preview Assets.xcassets */,
			);
			path = "Preview Content";
			sourceTree = "<group>";
		};
		FC26DBD12C4A837800BF4F1F /* Core */ = {
			isa = PBXGroup;
			children = (
				FC26DBC32C4A834300BF4F1F /* ProScoreApp.swift */,
				FC3AC1A82C4E3BCC006050EC /* TeamModel.xcdatamodeld */,
				FC26DBC72C4A834400BF4F1F /* Assets.xcassets */,
			);
			path = Core;
			sourceTree = "<group>";
		};
		FC26DBD22C4A839400BF4F1F /* Modules */ = {
			isa = PBXGroup;
			children = (
				FC26DBE52C4D651800BF4F1F /* ContentView.swift */,
				FC26DBDC2C4A84DE00BF4F1F /* Components */,
				FC3AC2092C5179EC006050EC /* Onboarding & Splash */,
				FC26DBD72C4A848F00BF4F1F /* TeamScreen */,
				FC26DBD82C4A84A100BF4F1F /* CalendarScreen */,
				FC26DBD92C4A84AB00BF4F1F /* StatisticsScreen */,
				FC26DBDA2C4A84B700BF4F1F /* SettingsScreen */,
			);
			path = Modules;
			sourceTree = "<group>";
		};
		FC26DBD52C4A844200BF4F1F /* Models */ = {
			isa = PBXGroup;
			children = (
				FC3AC1FC2C50DC95006050EC /* Statistics */,
				FC3AC1E62C501100006050EC /* Participants */,
				FC3AC1E52C5010F2006050EC /* Event */,
			);
			path = Models;
			sourceTree = "<group>";
		};
		FC26DBD62C4A845600BF4F1F /* Utilities */ = {
			isa = PBXGroup;
			children = (
				FC3AC1A42C4E3AE8006050EC /* PersistenceController.swift */,
				FC26DBE32C4D63BE00BF4F1F /* Router.swift */,
				FC3AC1B32C4E8926006050EC /* ImagePicker.swift */,
			);
			path = Utilities;
			sourceTree = "<group>";
		};
		FC26DBD72C4A848F00BF4F1F /* TeamScreen */ = {
			isa = PBXGroup;
			children = (
				FC3AC1AB2C4E3C6F006050EC /* View */,
				FC3AC1AC2C4E3C79006050EC /* ViewModel */,
			);
			path = TeamScreen;
			sourceTree = "<group>";
		};
		FC26DBD82C4A84A100BF4F1F /* CalendarScreen */ = {
			isa = PBXGroup;
			children = (
				FC3AC1E32C501031006050EC /* View */,
				FC3AC1E42C501037006050EC /* ViewModel */,
			);
			path = CalendarScreen;
			sourceTree = "<group>";
		};
		FC26DBD92C4A84AB00BF4F1F /* StatisticsScreen */ = {
			isa = PBXGroup;
			children = (
				FC3AC1F72C503AD6006050EC /* View */,
				FC3AC1FD2C50DCB1006050EC /* ViewModel */,
			);
			path = StatisticsScreen;
			sourceTree = "<group>";
		};
		FC26DBDA2C4A84B700BF4F1F /* SettingsScreen */ = {
			isa = PBXGroup;
			children = (
				FC3AC2002C50E322006050EC /* SettingsScreen.swift */,
				FC3AC2032C50E374006050EC /* SettingsCellView.swift */,
			);
			path = SettingsScreen;
			sourceTree = "<group>";
		};
		FC26DBDC2C4A84DE00BF4F1F /* Components */ = {
			isa = PBXGroup;
			children = (
				FC3AC2052C50FE4D006050EC /* AlertView.swift */,
				FC3AC1A02C4D6F5A006050EC /* ButtonView.swift */,
				FC3AC1B12C4E4C5A006050EC /* TextFieldView.swift */,
				FC3AC1C32C4F8676006050EC /* TitleView.swift */,
				FC3AC1DF2C4FAD5A006050EC /* SheetTitleView.swift */,
			);
			path = Components;
			sourceTree = "<group>";
		};
		FC26DBDD2C4D604400BF4F1F /* Extensions */ = {
			isa = PBXGroup;
			children = (
				FC26DBDE2C4D605C00BF4F1F /* Color+ext.swift */,
			);
			path = Extensions;
			sourceTree = "<group>";
		};
		FC3AC1AB2C4E3C6F006050EC /* View */ = {
			isa = PBXGroup;
			children = (
				FC26DBE72C4D6D9A00BF4F1F /* TeamScreen.swift */,
				FC3AC1AF2C4E3D12006050EC /* TeamHeaderSheetView.swift */,
				FC3AC1B52C4ED033006050EC /* TeamListSheetView.swift */,
				FC3AC1EF2C50166D006050EC /* ParticipantCellView.swift */,
			);
			path = View;
			sourceTree = "<group>";
		};
		FC3AC1AC2C4E3C79006050EC /* ViewModel */ = {
			isa = PBXGroup;
			children = (
				FC3AC1AD2C4E3C89006050EC /* TeamViewModel.swift */,
			);
			path = ViewModel;
			sourceTree = "<group>";
		};
		FC3AC1E32C501031006050EC /* View */ = {
			isa = PBXGroup;
			children = (
				FC3AC1E12C4FB203006050EC /* CalendarCellView.swift */,
				FC3AC1DD2C4F9C12006050EC /* CalendarSheetView.swift */,
				FC3AC1C52C4F86CE006050EC /* CalendarScreen.swift */,
				FC10113A2C541BB400748752 /* CalendarView.swift */,
			);
			path = View;
			sourceTree = "<group>";
		};
		FC3AC1E42C501037006050EC /* ViewModel */ = {
			isa = PBXGroup;
			children = (
				FC3AC1D92C4F8F54006050EC /* CalendarViewModel.swift */,
			);
			path = ViewModel;
			sourceTree = "<group>";
		};
		FC3AC1E52C5010F2006050EC /* Event */ = {
			isa = PBXGroup;
			children = (
				FC3AC1D52C4F8F12006050EC /* Event+CoreDataClass.swift */,
				FC3AC1D62C4F8F12006050EC /* Event+CoreDataProperties.swift */,
			);
			path = Event;
			sourceTree = "<group>";
		};
		FC3AC1E62C501100006050EC /* Participants */ = {
			isa = PBXGroup;
			children = (
				FC3AC1EB2C50123E006050EC /* Participant+CoreDataClass.swift */,
				FC3AC1EC2C50123E006050EC /* Participant+CoreDataProperties.swift */,
			);
			path = Participants;
			sourceTree = "<group>";
		};
		FC3AC1F72C503AD6006050EC /* View */ = {
			isa = PBXGroup;
			children = (
				FC3AC1F12C5034ED006050EC /* StatisticsCellView.swift */,
				FC3AC1F32C503648006050EC /* StatisticsScreen.swift */,
				FC3AC1F52C503860006050EC /* StatisticsSheetView.swift */,
			);
			path = View;
			sourceTree = "<group>";
		};
		FC3AC1FC2C50DC95006050EC /* Statistics */ = {
			isa = PBXGroup;
			children = (
				FC3AC1F82C50DC8A006050EC /* TeamStats+CoreDataClass.swift */,
				FC3AC1F92C50DC8A006050EC /* TeamStats+CoreDataProperties.swift */,
			);
			path = Statistics;
			sourceTree = "<group>";
		};
		FC3AC1FD2C50DCB1006050EC /* ViewModel */ = {
			isa = PBXGroup;
			children = (
				FC3AC1FE2C50DCC1006050EC /* StatisticsViewModel.swift */,
			);
			path = ViewModel;
			sourceTree = "<group>";
		};
		FC3AC2092C5179EC006050EC /* Onboarding & Splash */ = {
			isa = PBXGroup;
			children = (
				FC3AC20B2C517A0D006050EC /* OnboardingStepView.swift */,
				FC3AC20D2C517CEF006050EC /* OnboardingScreen.swift */,
				FC3AC20F2C5184F8006050EC /* CustomTabIndicator.swift */,
				FC3AC2112C522B3F006050EC /* SplashScreen.swift */,
			);
			path = "Onboarding & Splash";
			sourceTree = "<group>";
		};
		FCCF31872C5AA045001AB18C /* WebViewSystem */ = {
			isa = PBXGroup;
			children = (
				FCCF31882C5AA067001AB18C /* WebViewModel.swift */,
			);
			path = WebViewSystem;
			sourceTree = "<group>";
		};
/* End PBXGroup section */

/* Begin PBXNativeTarget section */
		FC26DBBF2C4A834300BF4F1F /* ProScore */ = {
			isa = PBXNativeTarget;
			buildConfigurationList = FC26DBCE2C4A834400BF4F1F /* Build configuration list for PBXNativeTarget "ProScore" */;
			buildPhases = (
				FC26DBBC2C4A834300BF4F1F /* Sources */,
				FC26DBBD2C4A834300BF4F1F /* Frameworks */,
				FC26DBBE2C4A834300BF4F1F /* Resources */,
			);
			buildRules = (
			);
			dependencies = (
			);
			name = ProScore;
			packageProductDependencies = (
				FC32DC4E2C59295D008E289B /* AppMetricaAdSupport */,
				FC32DC502C59295D008E289B /* AppMetricaCore */,
				FC32DC522C59295D008E289B /* AppMetricaCrashes */,
				FC32DC542C59295D008E289B /* AppMetricaWebKit */,
				FC32DC572C592995008E289B /* ApphudSDK */,
				FC32DC5A2C592A72008E289B /* OneSignalExtension */,
				FC32DC5C2C592A72008E289B /* OneSignalFramework */,
				FC32DC5E2C592A72008E289B /* OneSignalInAppMessages */,
				FC32DC602C592A72008E289B /* OneSignalLocation */,
			);
			productName = ProScore;
			productReference = FC26DBC02C4A834300BF4F1F /* ProScore.app */;
			productType = "com.apple.product-type.application";
		};
/* End PBXNativeTarget section */

/* Begin PBXProject section */
		FC26DBB82C4A834300BF4F1F /* Project object */ = {
			isa = PBXProject;
			attributes = {
				BuildIndependentTargetsInParallel = 1;
				LastSwiftUpdateCheck = 1520;
				LastUpgradeCheck = 1520;
				TargetAttributes = {
					FC26DBBF2C4A834300BF4F1F = {
						CreatedOnToolsVersion = 15.2;
					};
				};
			};
			buildConfigurationList = FC26DBBB2C4A834300BF4F1F /* Build configuration list for PBXProject "ProScore" */;
			compatibilityVersion = "Xcode 14.0";
			developmentRegion = en;
			hasScannedForEncodings = 0;
			knownRegions = (
				en,
				Base,
			);
			mainGroup = FC26DBB72C4A834300BF4F1F;
			packageReferences = (
				FC32DC4D2C59295D008E289B /* XCRemoteSwiftPackageReference "appmetrica-sdk-ios" */,
				FC32DC562C592995008E289B /* XCRemoteSwiftPackageReference "ApphudSDK" */,
				FC32DC592C592A72008E289B /* XCRemoteSwiftPackageReference "OneSignal-XCFramework" */,
			);
			productRefGroup = FC26DBC12C4A834300BF4F1F /* Products */;
			projectDirPath = "";
			projectRoot = "";
			targets = (
				FC26DBBF2C4A834300BF4F1F /* ProScore */,
			);
		};
/* End PBXProject section */

/* Begin PBXResourcesBuildPhase section */
		FC26DBBE2C4A834300BF4F1F /* Resources */ = {
			isa = PBXResourcesBuildPhase;
			buildActionMask = 2147483647;
			files = (
				FC26DBCB2C4A834400BF4F1F /* Preview Assets.xcassets in Resources */,
				FC26DBC82C4A834400BF4F1F /* Assets.xcassets in Resources */,
			);
			runOnlyForDeploymentPostprocessing = 0;
		};
/* End PBXResourcesBuildPhase section */

/* Begin PBXSourcesBuildPhase section */
		FC26DBBC2C4A834300BF4F1F /* Sources */ = {
			isa = PBXSourcesBuildPhase;
			buildActionMask = 2147483647;
			files = (
				FC26DBE82C4D6D9A00BF4F1F /* TeamScreen.swift in Sources */,
				FC3AC1D82C4F8F12006050EC /* Event+CoreDataProperties.swift in Sources */,
				FC3AC1B62C4ED033006050EC /* TeamListSheetView.swift in Sources */,
				FC3AC1DE2C4F9C12006050EC /* CalendarSheetView.swift in Sources */,
				FC3AC1B22C4E4C5A006050EC /* TextFieldView.swift in Sources */,
				FC3AC2012C50E322006050EC /* SettingsScreen.swift in Sources */,
				FC3AC1F22C5034ED006050EC /* StatisticsCellView.swift in Sources */,
				FC3AC1E02C4FAD5A006050EC /* SheetTitleView.swift in Sources */,
				FC3AC1F02C50166D006050EC /* ParticipantCellView.swift in Sources */,
				FC3AC20C2C517A0D006050EC /* OnboardingStepView.swift in Sources */,
				FC3AC20E2C517CEF006050EC /* OnboardingScreen.swift in Sources */,
				FC3AC1E22C4FB203006050EC /* CalendarCellView.swift in Sources */,
				FC10113B2C541BB400748752 /* CalendarView.swift in Sources */,
				FCCF31892C5AA067001AB18C /* WebViewModel.swift in Sources */,
				FC3AC1F62C503860006050EC /* StatisticsSheetView.swift in Sources */,
				FC3AC1C42C4F8676006050EC /* TitleView.swift in Sources */,
				FC3AC1A52C4E3AE8006050EC /* PersistenceController.swift in Sources */,
				FC3AC1FB2C50DC8A006050EC /* TeamStats+CoreDataProperties.swift in Sources */,
				FC3AC1DA2C4F8F54006050EC /* CalendarViewModel.swift in Sources */,
				FC26DBE62C4D651800BF4F1F /* ContentView.swift in Sources */,
				FC26DBE42C4D63BE00BF4F1F /* Router.swift in Sources */,
				FC3AC1C62C4F86CE006050EC /* CalendarScreen.swift in Sources */,
				FC3AC1ED2C50123E006050EC /* Participant+CoreDataClass.swift in Sources */,
				FC26DBC42C4A834300BF4F1F /* ProScoreApp.swift in Sources */,
				FC3AC2102C5184F8006050EC /* CustomTabIndicator.swift in Sources */,
				FC3AC1A12C4D6F5A006050EC /* ButtonView.swift in Sources */,
				FC3AC2122C522B3F006050EC /* SplashScreen.swift in Sources */,
				FC3AC1D72C4F8F12006050EC /* Event+CoreDataClass.swift in Sources */,
				FC3AC2062C50FE4D006050EC /* AlertView.swift in Sources */,
				FC3AC1AA2C4E3BCC006050EC /* TeamModel.xcdatamodeld in Sources */,
				FC3AC1F42C503648006050EC /* StatisticsScreen.swift in Sources */,
				FC3AC1FF2C50DCC1006050EC /* StatisticsViewModel.swift in Sources */,
				FC3AC1FA2C50DC8A006050EC /* TeamStats+CoreDataClass.swift in Sources */,
				FC3AC1EE2C50123E006050EC /* Participant+CoreDataProperties.swift in Sources */,
				FC26DBDF2C4D605C00BF4F1F /* Color+ext.swift in Sources */,
				FC3AC1B42C4E8926006050EC /* ImagePicker.swift in Sources */,
				FC3AC2042C50E374006050EC /* SettingsCellView.swift in Sources */,
				FC3AC1B02C4E3D12006050EC /* TeamHeaderSheetView.swift in Sources */,
				FC3AC1AE2C4E3C89006050EC /* TeamViewModel.swift in Sources */,
			);
			runOnlyForDeploymentPostprocessing = 0;
		};
/* End PBXSourcesBuildPhase section */

/* Begin XCBuildConfiguration section */
		FC26DBCC2C4A834400BF4F1F /* Debug */ = {
			isa = XCBuildConfiguration;
			buildSettings = {
				ALWAYS_SEARCH_USER_PATHS = NO;
				ASSETCATALOG_COMPILER_GENERATE_SWIFT_ASSET_SYMBOL_EXTENSIONS = YES;
				CLANG_ANALYZER_NONNULL = YES;
				CLANG_ANALYZER_NUMBER_OBJECT_CONVERSION = YES_AGGRESSIVE;
				CLANG_CXX_LANGUAGE_STANDARD = "gnu++20";
				CLANG_ENABLE_MODULES = YES;
				CLANG_ENABLE_OBJC_ARC = YES;
				CLANG_ENABLE_OBJC_WEAK = YES;
				CLANG_WARN_BLOCK_CAPTURE_AUTORELEASING = YES;
				CLANG_WARN_BOOL_CONVERSION = YES;
				CLANG_WARN_COMMA = YES;
				CLANG_WARN_CONSTANT_CONVERSION = YES;
				CLANG_WARN_DEPRECATED_OBJC_IMPLEMENTATIONS = YES;
				CLANG_WARN_DIRECT_OBJC_ISA_USAGE = YES_ERROR;
				CLANG_WARN_DOCUMENTATION_COMMENTS = YES;
				CLANG_WARN_EMPTY_BODY = YES;
				CLANG_WARN_ENUM_CONVERSION = YES;
				CLANG_WARN_INFINITE_RECURSION = YES;
				CLANG_WARN_INT_CONVERSION = YES;
				CLANG_WARN_NON_LITERAL_NULL_CONVERSION = YES;
				CLANG_WARN_OBJC_IMPLICIT_RETAIN_SELF = YES;
				CLANG_WARN_OBJC_LITERAL_CONVERSION = YES;
				CLANG_WARN_OBJC_ROOT_CLASS = YES_ERROR;
				CLANG_WARN_QUOTED_INCLUDE_IN_FRAMEWORK_HEADER = YES;
				CLANG_WARN_RANGE_LOOP_ANALYSIS = YES;
				CLANG_WARN_STRICT_PROTOTYPES = YES;
				CLANG_WARN_SUSPICIOUS_MOVE = YES;
				CLANG_WARN_UNGUARDED_AVAILABILITY = YES_AGGRESSIVE;
				CLANG_WARN_UNREACHABLE_CODE = YES;
				CLANG_WARN__DUPLICATE_METHOD_MATCH = YES;
				COPY_PHASE_STRIP = NO;
				DEBUG_INFORMATION_FORMAT = dwarf;
				ENABLE_STRICT_OBJC_MSGSEND = YES;
				ENABLE_TESTABILITY = YES;
				ENABLE_USER_SCRIPT_SANDBOXING = YES;
				GCC_C_LANGUAGE_STANDARD = gnu17;
				GCC_DYNAMIC_NO_PIC = NO;
				GCC_NO_COMMON_BLOCKS = YES;
				GCC_OPTIMIZATION_LEVEL = 0;
				GCC_PREPROCESSOR_DEFINITIONS = (
					"DEBUG=1",
					"$(inherited)",
				);
				GCC_WARN_64_TO_32_BIT_CONVERSION = YES;
				GCC_WARN_ABOUT_RETURN_TYPE = YES_ERROR;
				GCC_WARN_UNDECLARED_SELECTOR = YES;
				GCC_WARN_UNINITIALIZED_AUTOS = YES_AGGRESSIVE;
				GCC_WARN_UNUSED_FUNCTION = YES;
				GCC_WARN_UNUSED_VARIABLE = YES;
				IPHONEOS_DEPLOYMENT_TARGET = 14.0;
				LOCALIZATION_PREFERS_STRING_CATALOGS = YES;
				MTL_ENABLE_DEBUG_INFO = INCLUDE_SOURCE;
				MTL_FAST_MATH = YES;
				ONLY_ACTIVE_ARCH = YES;
				SDKROOT = iphoneos;
				SWIFT_ACTIVE_COMPILATION_CONDITIONS = "DEBUG $(inherited)";
				SWIFT_OPTIMIZATION_LEVEL = "-Onone";
			};
			name = Debug;
		};
		FC26DBCD2C4A834400BF4F1F /* Release */ = {
			isa = XCBuildConfiguration;
			buildSettings = {
				ALWAYS_SEARCH_USER_PATHS = NO;
				ASSETCATALOG_COMPILER_GENERATE_SWIFT_ASSET_SYMBOL_EXTENSIONS = YES;
				CLANG_ANALYZER_NONNULL = YES;
				CLANG_ANALYZER_NUMBER_OBJECT_CONVERSION = YES_AGGRESSIVE;
				CLANG_CXX_LANGUAGE_STANDARD = "gnu++20";
				CLANG_ENABLE_MODULES = YES;
				CLANG_ENABLE_OBJC_ARC = YES;
				CLANG_ENABLE_OBJC_WEAK = YES;
				CLANG_WARN_BLOCK_CAPTURE_AUTORELEASING = YES;
				CLANG_WARN_BOOL_CONVERSION = YES;
				CLANG_WARN_COMMA = YES;
				CLANG_WARN_CONSTANT_CONVERSION = YES;
				CLANG_WARN_DEPRECATED_OBJC_IMPLEMENTATIONS = YES;
				CLANG_WARN_DIRECT_OBJC_ISA_USAGE = YES_ERROR;
				CLANG_WARN_DOCUMENTATION_COMMENTS = YES;
				CLANG_WARN_EMPTY_BODY = YES;
				CLANG_WARN_ENUM_CONVERSION = YES;
				CLANG_WARN_INFINITE_RECURSION = YES;
				CLANG_WARN_INT_CONVERSION = YES;
				CLANG_WARN_NON_LITERAL_NULL_CONVERSION = YES;
				CLANG_WARN_OBJC_IMPLICIT_RETAIN_SELF = YES;
				CLANG_WARN_OBJC_LITERAL_CONVERSION = YES;
				CLANG_WARN_OBJC_ROOT_CLASS = YES_ERROR;
				CLANG_WARN_QUOTED_INCLUDE_IN_FRAMEWORK_HEADER = YES;
				CLANG_WARN_RANGE_LOOP_ANALYSIS = YES;
				CLANG_WARN_STRICT_PROTOTYPES = YES;
				CLANG_WARN_SUSPICIOUS_MOVE = YES;
				CLANG_WARN_UNGUARDED_AVAILABILITY = YES_AGGRESSIVE;
				CLANG_WARN_UNREACHABLE_CODE = YES;
				CLANG_WARN__DUPLICATE_METHOD_MATCH = YES;
				COPY_PHASE_STRIP = NO;
				DEBUG_INFORMATION_FORMAT = "dwarf-with-dsym";
				ENABLE_NS_ASSERTIONS = NO;
				ENABLE_STRICT_OBJC_MSGSEND = YES;
				ENABLE_USER_SCRIPT_SANDBOXING = YES;
				GCC_C_LANGUAGE_STANDARD = gnu17;
				GCC_NO_COMMON_BLOCKS = YES;
				GCC_WARN_64_TO_32_BIT_CONVERSION = YES;
				GCC_WARN_ABOUT_RETURN_TYPE = YES_ERROR;
				GCC_WARN_UNDECLARED_SELECTOR = YES;
				GCC_WARN_UNINITIALIZED_AUTOS = YES_AGGRESSIVE;
				GCC_WARN_UNUSED_FUNCTION = YES;
				GCC_WARN_UNUSED_VARIABLE = YES;
				IPHONEOS_DEPLOYMENT_TARGET = 14.0;
				LOCALIZATION_PREFERS_STRING_CATALOGS = YES;
				MTL_ENABLE_DEBUG_INFO = NO;
				MTL_FAST_MATH = YES;
				SDKROOT = iphoneos;
				SWIFT_COMPILATION_MODE = wholemodule;
				VALIDATE_PRODUCT = YES;
			};
			name = Release;
		};
		FC26DBCF2C4A834400BF4F1F /* Debug */ = {
			isa = XCBuildConfiguration;
			buildSettings = {
				ASSETCATALOG_COMPILER_APPICON_NAME = AppIcon;
				ASSETCATALOG_COMPILER_GLOBAL_ACCENT_COLOR_NAME = AccentColor;
				CODE_SIGN_ENTITLEMENTS = ProScore/ProScore.entitlements;
				CODE_SIGN_IDENTITY = "Apple Development";
				CODE_SIGN_STYLE = Manual;
				CURRENT_PROJECT_VERSION = 1;
				DEVELOPMENT_ASSET_PATHS = "\"ProScore/Preview Content\"";
				DEVELOPMENT_TEAM = "";
				ENABLE_PREVIEWS = YES;
				GENERATE_INFOPLIST_FILE = YES;
				INFOPLIST_KEY_CFBundleDisplayName = ProScore;
				INFOPLIST_KEY_UIApplicationSceneManifest_Generation = YES;
				INFOPLIST_KEY_UIApplicationSupportsIndirectInputEvents = YES;
				INFOPLIST_KEY_UILaunchScreen_Generation = YES;
				INFOPLIST_KEY_UISupportedInterfaceOrientations = UIInterfaceOrientationPortrait;
				INFOPLIST_KEY_UISupportedInterfaceOrientations_iPad = "UIInterfaceOrientationLandscapeLeft UIInterfaceOrientationLandscapeRight UIInterfaceOrientationPortrait UIInterfaceOrientationPortraitUpsideDown";
				IPHONEOS_DEPLOYMENT_TARGET = 14.0;
				LD_RUNPATH_SEARCH_PATHS = (
					"$(inherited)",
					"@executable_path/Frameworks",
				);
				MARKETING_VERSION = 1.0;
				PRODUCT_BUNDLE_IDENTIFIER = com.ale.gl0ryz0ne;
				PRODUCT_NAME = "$(TARGET_NAME)";
				PROVISIONING_PROFILE_SPECIFIER = "";
				SUPPORTED_PLATFORMS = "iphoneos iphonesimulator";
				SUPPORTS_MACCATALYST = NO;
				SUPPORTS_MAC_DESIGNED_FOR_IPHONE_IPAD = NO;
				SUPPORTS_XR_DESIGNED_FOR_IPHONE_IPAD = NO;
				SWIFT_EMIT_LOC_STRINGS = YES;
				SWIFT_VERSION = 5.0;
				TARGETED_DEVICE_FAMILY = "1,2";
			};
			name = Debug;
		};
		FC26DBD02C4A834400BF4F1F /* Release */ = {
			isa = XCBuildConfiguration;
			buildSettings = {
				ASSETCATALOG_COMPILER_APPICON_NAME = AppIcon;
				ASSETCATALOG_COMPILER_GLOBAL_ACCENT_COLOR_NAME = AccentColor;
				CODE_SIGN_ENTITLEMENTS = ProScore/ProScore.entitlements;
				CODE_SIGN_IDENTITY = "Apple Development";
				CODE_SIGN_STYLE = Manual;
				CURRENT_PROJECT_VERSION = 1;
				DEVELOPMENT_ASSET_PATHS = "\"ProScore/Preview Content\"";
				DEVELOPMENT_TEAM = "";
				ENABLE_PREVIEWS = YES;
				GENERATE_INFOPLIST_FILE = YES;
				INFOPLIST_KEY_CFBundleDisplayName = ProScore;
				INFOPLIST_KEY_UIApplicationSceneManifest_Generation = YES;
				INFOPLIST_KEY_UIApplicationSupportsIndirectInputEvents = YES;
				INFOPLIST_KEY_UILaunchScreen_Generation = YES;
				INFOPLIST_KEY_UISupportedInterfaceOrientations = UIInterfaceOrientationPortrait;
				INFOPLIST_KEY_UISupportedInterfaceOrientations_iPad = "UIInterfaceOrientationLandscapeLeft UIInterfaceOrientationLandscapeRight UIInterfaceOrientationPortrait UIInterfaceOrientationPortraitUpsideDown";
				IPHONEOS_DEPLOYMENT_TARGET = 14.0;
				LD_RUNPATH_SEARCH_PATHS = (
					"$(inherited)",
					"@executable_path/Frameworks",
				);
				MARKETING_VERSION = 1.0;
				PRODUCT_BUNDLE_IDENTIFIER = com.ale.gl0ryz0ne;
				PRODUCT_NAME = "$(TARGET_NAME)";
				PROVISIONING_PROFILE_SPECIFIER = "";
				SUPPORTED_PLATFORMS = "iphoneos iphonesimulator";
				SUPPORTS_MACCATALYST = NO;
				SUPPORTS_MAC_DESIGNED_FOR_IPHONE_IPAD = NO;
				SUPPORTS_XR_DESIGNED_FOR_IPHONE_IPAD = NO;
				SWIFT_EMIT_LOC_STRINGS = YES;
				SWIFT_VERSION = 5.0;
				TARGETED_DEVICE_FAMILY = "1,2";
			};
			name = Release;
		};
/* End XCBuildConfiguration section */

/* Begin XCConfigurationList section */
		FC26DBBB2C4A834300BF4F1F /* Build configuration list for PBXProject "ProScore" */ = {
			isa = XCConfigurationList;
			buildConfigurations = (
				FC26DBCC2C4A834400BF4F1F /* Debug */,
				FC26DBCD2C4A834400BF4F1F /* Release */,
			);
			defaultConfigurationIsVisible = 0;
			defaultConfigurationName = Release;
		};
		FC26DBCE2C4A834400BF4F1F /* Build configuration list for PBXNativeTarget "ProScore" */ = {
			isa = XCConfigurationList;
			buildConfigurations = (
				FC26DBCF2C4A834400BF4F1F /* Debug */,
				FC26DBD02C4A834400BF4F1F /* Release */,
			);
			defaultConfigurationIsVisible = 0;
			defaultConfigurationName = Release;
		};
/* End XCConfigurationList section */

/* Begin XCRemoteSwiftPackageReference section */
		FC32DC4D2C59295D008E289B /* XCRemoteSwiftPackageReference "appmetrica-sdk-ios" */ = {
			isa = XCRemoteSwiftPackageReference;
			repositoryURL = "https://github.com/appmetrica/appmetrica-sdk-ios";
			requirement = {
				kind = upToNextMajorVersion;
				minimumVersion = 5.6.0;
			};
		};
		FC32DC562C592995008E289B /* XCRemoteSwiftPackageReference "ApphudSDK" */ = {
			isa = XCRemoteSwiftPackageReference;
			repositoryURL = "https://github.com/apphud/ApphudSDK";
			requirement = {
				kind = upToNextMajorVersion;
				minimumVersion = 3.4.0;
			};
		};
		FC32DC592C592A72008E289B /* XCRemoteSwiftPackageReference "OneSignal-XCFramework" */ = {
			isa = XCRemoteSwiftPackageReference;
			repositoryURL = "https://github.com/OneSignal/OneSignal-XCFramework";
			requirement = {
				kind = upToNextMajorVersion;
				minimumVersion = 5.2.2;
			};
		};
/* End XCRemoteSwiftPackageReference section */

/* Begin XCSwiftPackageProductDependency section */
		FC32DC4E2C59295D008E289B /* AppMetricaAdSupport */ = {
			isa = XCSwiftPackageProductDependency;
			package = FC32DC4D2C59295D008E289B /* XCRemoteSwiftPackageReference "appmetrica-sdk-ios" */;
			productName = AppMetricaAdSupport;
		};
		FC32DC502C59295D008E289B /* AppMetricaCore */ = {
			isa = XCSwiftPackageProductDependency;
			package = FC32DC4D2C59295D008E289B /* XCRemoteSwiftPackageReference "appmetrica-sdk-ios" */;
			productName = AppMetricaCore;
		};
		FC32DC522C59295D008E289B /* AppMetricaCrashes */ = {
			isa = XCSwiftPackageProductDependency;
			package = FC32DC4D2C59295D008E289B /* XCRemoteSwiftPackageReference "appmetrica-sdk-ios" */;
			productName = AppMetricaCrashes;
		};
		FC32DC542C59295D008E289B /* AppMetricaWebKit */ = {
			isa = XCSwiftPackageProductDependency;
			package = FC32DC4D2C59295D008E289B /* XCRemoteSwiftPackageReference "appmetrica-sdk-ios" */;
			productName = AppMetricaWebKit;
		};
		FC32DC572C592995008E289B /* ApphudSDK */ = {
			isa = XCSwiftPackageProductDependency;
			package = FC32DC562C592995008E289B /* XCRemoteSwiftPackageReference "ApphudSDK" */;
			productName = ApphudSDK;
		};
		FC32DC5A2C592A72008E289B /* OneSignalExtension */ = {
			isa = XCSwiftPackageProductDependency;
			package = FC32DC592C592A72008E289B /* XCRemoteSwiftPackageReference "OneSignal-XCFramework" */;
			productName = OneSignalExtension;
		};
		FC32DC5C2C592A72008E289B /* OneSignalFramework */ = {
			isa = XCSwiftPackageProductDependency;
			package = FC32DC592C592A72008E289B /* XCRemoteSwiftPackageReference "OneSignal-XCFramework" */;
			productName = OneSignalFramework;
		};
		FC32DC5E2C592A72008E289B /* OneSignalInAppMessages */ = {
			isa = XCSwiftPackageProductDependency;
			package = FC32DC592C592A72008E289B /* XCRemoteSwiftPackageReference "OneSignal-XCFramework" */;
			productName = OneSignalInAppMessages;
		};
		FC32DC602C592A72008E289B /* OneSignalLocation */ = {
			isa = XCSwiftPackageProductDependency;
			package = FC32DC592C592A72008E289B /* XCRemoteSwiftPackageReference "OneSignal-XCFramework" */;
			productName = OneSignalLocation;
		};
/* End XCSwiftPackageProductDependency section */

/* Begin XCVersionGroup section */
		FC3AC1A82C4E3BCC006050EC /* TeamModel.xcdatamodeld */ = {
			isa = XCVersionGroup;
			children = (
				FC3AC1A92C4E3BCC006050EC /* TeamModel.xcdatamodel */,
			);
			currentVersion = FC3AC1A92C4E3BCC006050EC /* TeamModel.xcdatamodel */;
			path = TeamModel.xcdatamodeld;
			sourceTree = "<group>";
			versionGroupType = wrapper.xcdatamodel;
		};
/* End XCVersionGroup section */
	};
	rootObject = FC26DBB82C4A834300BF4F1F /* Project object */;
}
